
Microsoft Visual Studio Solution File, Format Version 12.00
# Visual Studio Version 16
VisualStudioVersion = 16.0.29102.190
MinimumVisualStudioVersion = 10.0.40219.1
Project("{888888A0-9F3D-457C-B088-3A5042F75D52}") = "scrapecl", "scrapecl\scrapecl.pyproj", "{1F60A3B9-C9C6-4AA8-9558-D5FB51705CE9}"
EndProject
Global
	GlobalSection(SolutionConfigurationPlatforms) = preSolution
		Debug|Any CPU = Debug|Any CPU
		Release|Any CPU = Release|Any CPU
	EndGlobalSection
	GlobalSection(ProjectConfigurationPlatforms) = postSolution
		{1F60A3B9-C9C6-4AA8-9558-D5FB51705CE9}.Debug|Any CPU.ActiveCfg = Debug|Any CPU
		{1F60A3B9-C9C6-4AA8-9558-D5FB51705CE9}.Release|Any CPU.ActiveCfg = Release|Any CPU
	EndGlobalSection
	GlobalSection(SolutionProperties) = preSolution
		HideSolutionNode = FALSE
	EndGlobalSection
	GlobalSection(ExtensibilityGlobals) = postSolution
		SolutionGuid = {31CE6EC3-4BCB-4A60-B649-9965F6933A94}
	EndGlobalSection
EndGlobal
